
Microsoft Visual Studio Solution File, Format Version 12.00
# Visual Studio 2012
Project("{8BC9CEB8-8B4A-11D0-8D11-00A0C91BC942}") = "ballmesh", "ballmesh\ballmesh.vcxproj", "{EDFE2614-50DE-4A95-AAA3-CABF37CBF279}"
EndProject
Global
	GlobalSection(SolutionConfigurationPlatforms) = preSolution
		Debug|Win32 = Debug|Win32
		Release|Win32 = Release|Win32
	EndGlobalSection
	GlobalSection(ProjectConfigurationPlatforms) = postSolution
		{EDFE2614-50DE-4A95-AAA3-CABF37CBF279}.Debug|Win32.ActiveCfg = Debug|Win32
		{EDFE2614-50DE-4A95-AAA3-CABF37CBF279}.Debug|Win32.Build.0 = Debug|Win32
		{EDFE2614-50DE-4A95-AAA3-CABF37CBF279}.Release|Win32.ActiveCfg = Release|Win32
		{EDFE2614-50DE-4A95-AAA3-CABF37CBF279}.Release|Win32.Build.0 = Release|Win32
	EndGlobalSection
	GlobalSection(SolutionProperties) = preSolution
		HideSolutionNode = FALSE
	EndGlobalSection
EndGlobal
